<?xml version="1.0" encoding="utf-8"?>
<Project ToolsVersion="4.0" xmlns="http://schemas.microsoft.com/developer/msbuild/2003">
  <ItemGroup>
    <ClCompile Include="main.cpp" />
    <ClCompile Include="ChatServer.cpp">
      <Filter>ChatServer</Filter>
    </ClCompile>
    <ClCompile Include="Player.cpp" />
  </ItemGroup>
  <ItemGroup>
    <Filter Include="ChatServer">
      <UniqueIdentifier>{3490e8d6-7f47-4fad-906c-0b9731b86b99}</UniqueIdentifier>
    </Filter>
  </ItemGroup>
  <ItemGroup>
    <ClInclude Include="ChatServer.h">
      <Filter>ChatServer</Filter>
    </ClInclude>
    <ClInclude Include="Player.h" />
  </ItemGroup>
</Project>